
Microsoft Visual Studio Solution File, Format Version 12.00
# Visual Studio Version 17
VisualStudioVersion = 17.1.32210.238
MinimumVisualStudioVersion = 10.0.40219.1
Project("{2150E333-8FDC-42A3-9474-1A3956D46DE8}") = "Services", "Services", "{3C97AF1E-51CA-4AB6-81AE-8ED176C794D4}"
EndProject
Project("{2150E333-8FDC-42A3-9474-1A3956D46DE8}") = "src", "src", "{970BA6E7-073F-45CA-8433-C436C3A17A42}"
EndProject
Project("{2150E333-8FDC-42A3-9474-1A3956D46DE8}") = "Gateway", "Gateway", "{49CCBDBA-CAC0-4991-9C1A-2B9E3A242778}"
EndProject
Project("{9A19103F-16F7-4668-BE54-9A1E7A4F7556}") = "Gateway.WebApi", "src\Gateway\Gateway.WebApi\Gateway.WebApi.csproj", "{84D7B80C-011A-4813-8591-DA0B4027B6F6}"
EndProject
Project("{9A19103F-16F7-4668-BE54-9A1E7A4F7556}") = "ApiGateway", "ApiGateway\ApiGateway.csproj", "{1951C84D-A4EB-498D-9C25-9F1E8F3CC229}"
EndProject
Project("{9A19103F-16F7-4668-BE54-9A1E7A4F7556}") = "Customers.API", "Customer\Customers.API\Customers.API.csproj", "{60200E72-D055-4C34-965E-82DD402C3A9E}"
EndProject
Project("{9A19103F-16F7-4668-BE54-9A1E7A4F7556}") = "GatewayAPI", "Gateways\GatewayAPI\GatewayAPI.csproj", "{360F3237-A79A-4A85-BA4D-1D81A40A386E}"
EndProject
Project("{FAE04EC0-301F-11D3-BF4B-00C04F79EFBC}") = "NewGatewayAPI", "NewGatewayAPI\NewGatewayAPI.csproj", "{074FCEEF-0C19-4112-B760-C89337ED5819}"
EndProject
Project("{E53339B2-1760-4266-BCC7-CA923CBCF16C}") = "docker-compose", "docker-compose.dcproj", "{FD307699-99AF-444B-93B5-1CC3EDD01C1C}"
EndProject
Project("{FAE04EC0-301F-11D3-BF4B-00C04F79EFBC}") = "Customer.API", "Customer.API\Customer.API.csproj", "{A0B10D4C-19E2-4CE6-91CC-DE56E8E47D84}"
EndProject
Project("{FAE04EC0-301F-11D3-BF4B-00C04F79EFBC}") = "Employee.API", "Employee.API\Employee.API.csproj", "{84F9AF0D-4E79-4BCA-AE44-D34B3CCD0760}"
EndProject
Global
	GlobalSection(SolutionConfigurationPlatforms) = preSolution
		Debug|Any CPU = Debug|Any CPU
		Release|Any CPU = Release|Any CPU
	EndGlobalSection
	GlobalSection(ProjectConfigurationPlatforms) = postSolution
		{84D7B80C-011A-4813-8591-DA0B4027B6F6}.Debug|Any CPU.ActiveCfg = Debug|Any CPU
		{84D7B80C-011A-4813-8591-DA0B4027B6F6}.Debug|Any CPU.Build.0 = Debug|Any CPU
		{84D7B80C-011A-4813-8591-DA0B4027B6F6}.Release|Any CPU.ActiveCfg = Release|Any CPU
		{84D7B80C-011A-4813-8591-DA0B4027B6F6}.Release|Any CPU.Build.0 = Release|Any CPU
		{1951C84D-A4EB-498D-9C25-9F1E8F3CC229}.Debug|Any CPU.ActiveCfg = Debug|Any CPU
		{1951C84D-A4EB-498D-9C25-9F1E8F3CC229}.Debug|Any CPU.Build.0 = Debug|Any CPU
		{1951C84D-A4EB-498D-9C25-9F1E8F3CC229}.Release|Any CPU.ActiveCfg = Release|Any CPU
		{1951C84D-A4EB-498D-9C25-9F1E8F3CC229}.Release|Any CPU.Build.0 = Release|Any CPU
		{60200E72-D055-4C34-965E-82DD402C3A9E}.Debug|Any CPU.ActiveCfg = Debug|Any CPU
		{60200E72-D055-4C34-965E-82DD402C3A9E}.Debug|Any CPU.Build.0 = Debug|Any CPU
		{60200E72-D055-4C34-965E-82DD402C3A9E}.Release|Any CPU.ActiveCfg = Release|Any CPU
		{60200E72-D055-4C34-965E-82DD402C3A9E}.Release|Any CPU.Build.0 = Release|Any CPU
		{360F3237-A79A-4A85-BA4D-1D81A40A386E}.Debug|Any CPU.ActiveCfg = Debug|Any CPU
		{360F3237-A79A-4A85-BA4D-1D81A40A386E}.Debug|Any CPU.Build.0 = Debug|Any CPU
		{360F3237-A79A-4A85-BA4D-1D81A40A386E}.Release|Any CPU.ActiveCfg = Release|Any CPU
		{360F3237-A79A-4A85-BA4D-1D81A40A386E}.Release|Any CPU.Build.0 = Release|Any CPU
		{074FCEEF-0C19-4112-B760-C89337ED5819}.Debug|Any CPU.ActiveCfg = Debug|Any CPU
		{074FCEEF-0C19-4112-B760-C89337ED5819}.Debug|Any CPU.Build.0 = Debug|Any CPU
		{074FCEEF-0C19-4112-B760-C89337ED5819}.Release|Any CPU.ActiveCfg = Release|Any CPU
		{074FCEEF-0C19-4112-B760-C89337ED5819}.Release|Any CPU.Build.0 = Release|Any CPU
		{FD307699-99AF-444B-93B5-1CC3EDD01C1C}.Debug|Any CPU.ActiveCfg = Debug|Any CPU
		{FD307699-99AF-444B-93B5-1CC3EDD01C1C}.Debug|Any CPU.Build.0 = Debug|Any CPU
		{FD307699-99AF-444B-93B5-1CC3EDD01C1C}.Release|Any CPU.ActiveCfg = Release|Any CPU
		{FD307699-99AF-444B-93B5-1CC3EDD01C1C}.Release|Any CPU.Build.0 = Release|Any CPU
		{A0B10D4C-19E2-4CE6-91CC-DE56E8E47D84}.Debug|Any CPU.ActiveCfg = Debug|Any CPU
		{A0B10D4C-19E2-4CE6-91CC-DE56E8E47D84}.Debug|Any CPU.Build.0 = Debug|Any CPU
		{A0B10D4C-19E2-4CE6-91CC-DE56E8E47D84}.Release|Any CPU.ActiveCfg = Release|Any CPU
		{A0B10D4C-19E2-4CE6-91CC-DE56E8E47D84}.Release|Any CPU.Build.0 = Release|Any CPU
		{84F9AF0D-4E79-4BCA-AE44-D34B3CCD0760}.Debug|Any CPU.ActiveCfg = Debug|Any CPU
		{84F9AF0D-4E79-4BCA-AE44-D34B3CCD0760}.Debug|Any CPU.Build.0 = Debug|Any CPU
		{84F9AF0D-4E79-4BCA-AE44-D34B3CCD0760}.Release|Any CPU.ActiveCfg = Release|Any CPU
		{84F9AF0D-4E79-4BCA-AE44-D34B3CCD0760}.Release|Any CPU.Build.0 = Release|Any CPU
	EndGlobalSection
	GlobalSection(SolutionProperties) = preSolution
		HideSolutionNode = FALSE
	EndGlobalSection
	GlobalSection(NestedProjects) = preSolution
		{3C97AF1E-51CA-4AB6-81AE-8ED176C794D4} = {970BA6E7-073F-45CA-8433-C436C3A17A42}
		{49CCBDBA-CAC0-4991-9C1A-2B9E3A242778} = {970BA6E7-073F-45CA-8433-C436C3A17A42}
		{84D7B80C-011A-4813-8591-DA0B4027B6F6} = {49CCBDBA-CAC0-4991-9C1A-2B9E3A242778}
		{1951C84D-A4EB-498D-9C25-9F1E8F3CC229} = {49CCBDBA-CAC0-4991-9C1A-2B9E3A242778}
		{60200E72-D055-4C34-965E-82DD402C3A9E} = {3C97AF1E-51CA-4AB6-81AE-8ED176C794D4}
		{360F3237-A79A-4A85-BA4D-1D81A40A386E} = {49CCBDBA-CAC0-4991-9C1A-2B9E3A242778}
		{074FCEEF-0C19-4112-B760-C89337ED5819} = {49CCBDBA-CAC0-4991-9C1A-2B9E3A242778}
		{A0B10D4C-19E2-4CE6-91CC-DE56E8E47D84} = {3C97AF1E-51CA-4AB6-81AE-8ED176C794D4}
		{84F9AF0D-4E79-4BCA-AE44-D34B3CCD0760} = {3C97AF1E-51CA-4AB6-81AE-8ED176C794D4}
	EndGlobalSection
	GlobalSection(ExtensibilityGlobals) = postSolution
		SolutionGuid = {BBD81AF2-D0C9-4C75-AFBA-6B6E23678D71}
	EndGlobalSection
EndGlobal
